// !$*UTF8*$!
{
	archiveVersion = 1;
	classes = {
	};
	objectVersion = 46;
	objects = {

/* Begin PBXBuildFile section */
		084635E61DF6D60000BE9EF1 /* SwiftScanner.framework in Frameworks */ = {isa = PBXBuildFile; fileRef = 08906C4A1DF1A90400FC4209 /* SwiftScanner.framework */; };
		084635ED1DF6D7AC00BE9EF1 /* SwiftScanner.framework in Copy Frameworks */ = {isa = PBXBuildFile; fileRef = 08906C4A1DF1A90400FC4209 /* SwiftScanner.framework */; settings = {ATTRIBUTES = (CodeSignOnCopy, RemoveHeadersOnCopy, ); }; };
		08906C4F1DF1A90400FC4209 /* SwiftScanner.h in Headers */ = {isa = PBXBuildFile; fileRef = 08906C4D1DF1A90400FC4209 /* SwiftScanner.h */; settings = {ATTRIBUTES = (Public, ); }; };
		08906C601DF1BBDE00FC4209 /* AppDelegate.swift in Sources */ = {isa = PBXBuildFile; fileRef = 08906C5F1DF1BBDE00FC4209 /* AppDelegate.swift */; };
		08906C621DF1BBDE00FC4209 /* ViewController.swift in Sources */ = {isa = PBXBuildFile; fileRef = 08906C611DF1BBDE00FC4209 /* ViewController.swift */; };
		08906C651DF1BBDE00FC4209 /* Main.storyboard in Resources */ = {isa = PBXBuildFile; fileRef = 08906C631DF1BBDE00FC4209 /* Main.storyboard */; };
		08906C671DF1BBDE00FC4209 /* Assets.xcassets in Resources */ = {isa = PBXBuildFile; fileRef = 08906C661DF1BBDE00FC4209 /* Assets.xcassets */; };
		08906C6A1DF1BBDE00FC4209 /* LaunchScreen.storyboard in Resources */ = {isa = PBXBuildFile; fileRef = 08906C681DF1BBDE00FC4209 /* LaunchScreen.storyboard */; };
		08906C711DF1BBEB00FC4209 /* SwiftScanner.framework in Frameworks */ = {isa = PBXBuildFile; fileRef = 08906C4A1DF1A90400FC4209 /* SwiftScanner.framework */; };
		08906C731DF1BC4600FC4209 /* SwiftScanner.framework in Copy Frameworks */ = {isa = PBXBuildFile; fileRef = 08906C4A1DF1A90400FC4209 /* SwiftScanner.framework */; settings = {ATTRIBUTES = (CodeSignOnCopy, RemoveHeadersOnCopy, ); }; };
		08906C771DF1C56C00FC4209 /* StringScanner.swift in Sources */ = {isa = PBXBuildFile; fileRef = 08906C751DF1C56C00FC4209 /* StringScanner.swift */; };
		08C606ED1DF817E50014E07E /* NSScanner+Extenions.swift in Sources */ = {isa = PBXBuildFile; fileRef = 08C606EB1DF817E50014E07E /* NSScanner+Extenions.swift */; };
		08C606EE1DF817E50014E07E /* TestSwiftScanner.swift in Sources */ = {isa = PBXBuildFile; fileRef = 08C606EC1DF817E50014E07E /* TestSwiftScanner.swift */; };
/* End PBXBuildFile section */

/* Begin PBXContainerItemProxy section */
		084635E71DF6D60000BE9EF1 /* PBXContainerItemProxy */ = {
			isa = PBXContainerItemProxy;
			containerPortal = 08906C411DF1A90400FC4209 /* Project object */;
			proxyType = 1;
			remoteGlobalIDString = 08906C491DF1A90400FC4209;
			remoteInfo = SwiftScanner;
		};
		08906C6F1DF1BBE800FC4209 /* PBXContainerItemProxy */ = {
			isa = PBXContainerItemProxy;
			containerPortal = 08906C411DF1A90400FC4209 /* Project object */;
			proxyType = 1;
			remoteGlobalIDString = 08906C491DF1A90400FC4209;
			remoteInfo = SwiftScanner;
		};
/* End PBXContainerItemProxy section */

/* Begin PBXCopyFilesBuildPhase section */
		084635EC1DF6D7A200BE9EF1 /* Copy Frameworks */ = {
			isa = PBXCopyFilesBuildPhase;
			buildActionMask = 2147483647;
			dstPath = "";
			dstSubfolderSpec = 10;
			files = (
				084635ED1DF6D7AC00BE9EF1 /* SwiftScanner.framework in Copy Frameworks */,
			);
			name = "Copy Frameworks";
			runOnlyForDeploymentPostprocessing = 0;
		};
		08906C721DF1BBEE00FC4209 /* Copy Frameworks */ = {
			isa = PBXCopyFilesBuildPhase;
			buildActionMask = 2147483647;
			dstPath = "";
			dstSubfolderSpec = 10;
			files = (
				08906C731DF1BC4600FC4209 /* SwiftScanner.framework in Copy Frameworks */,
			);
			name = "Copy Frameworks";
			runOnlyForDeploymentPostprocessing = 0;
		};
/* End PBXCopyFilesBuildPhase section */

/* Begin PBXFileReference section */
		082292671DF816260077BAE8 /* SwiftScannerTests-Bridging-Header.h */ = {isa = PBXFileReference; lastKnownFileType = sourcecode.c.h; path = "SwiftScannerTests-Bridging-Header.h"; sourceTree = "<group>"; };
		084635E11DF6D60000BE9EF1 /* SwiftScannerTests.xctest */ = {isa = PBXFileReference; explicitFileType = wrapper.cfbundle; includeInIndex = 0; path = SwiftScannerTests.xctest; sourceTree = BUILT_PRODUCTS_DIR; };
		084635E51DF6D60000BE9EF1 /* Info.plist */ = {isa = PBXFileReference; lastKnownFileType = text.plist.xml; path = Info.plist; sourceTree = "<group>"; };
		08906C4A1DF1A90400FC4209 /* SwiftScanner.framework */ = {isa = PBXFileReference; explicitFileType = wrapper.framework; includeInIndex = 0; path = SwiftScanner.framework; sourceTree = BUILT_PRODUCTS_DIR; };
		08906C4D1DF1A90400FC4209 /* SwiftScanner.h */ = {isa = PBXFileReference; lastKnownFileType = sourcecode.c.h; path = SwiftScanner.h; sourceTree = "<group>"; };
		08906C4E1DF1A90400FC4209 /* Info.plist */ = {isa = PBXFileReference; lastKnownFileType = text.plist.xml; path = Info.plist; sourceTree = "<group>"; };
		08906C5D1DF1BBDD00FC4209 /* DemoApp.app */ = {isa = PBXFileReference; explicitFileType = wrapper.application; includeInIndex = 0; path = DemoApp.app; sourceTree = BUILT_PRODUCTS_DIR; };
		08906C5F1DF1BBDE00FC4209 /* AppDelegate.swift */ = {isa = PBXFileReference; lastKnownFileType = sourcecode.swift; path = AppDelegate.swift; sourceTree = "<group>"; };
		08906C611DF1BBDE00FC4209 /* ViewController.swift */ = {isa = PBXFileReference; lastKnownFileType = sourcecode.swift; path = ViewController.swift; sourceTree = "<group>"; };
		08906C641DF1BBDE00FC4209 /* Base */ = {isa = PBXFileReference; lastKnownFileType = file.storyboard; name = Base; path = Base.lproj/Main.storyboard; sourceTree = "<group>"; };
		08906C661DF1BBDE00FC4209 /* Assets.xcassets */ = {isa = PBXFileReference; lastKnownFileType = folder.assetcatalog; path = Assets.xcassets; sourceTree = "<group>"; };
		08906C691DF1BBDE00FC4209 /* Base */ = {isa = PBXFileReference; lastKnownFileType = file.storyboard; name = Base; path = Base.lproj/LaunchScreen.storyboard; sourceTree = "<group>"; };
		08906C6B1DF1BBDE00FC4209 /* Info.plist */ = {isa = PBXFileReference; lastKnownFileType = text.plist.xml; path = Info.plist; sourceTree = "<group>"; };
		08906C751DF1C56C00FC4209 /* StringScanner.swift */ = {isa = PBXFileReference; fileEncoding = 4; lastKnownFileType = sourcecode.swift; name = StringScanner.swift; path = ../Sources/StringScanner.swift; sourceTree = "<group>"; };
		08C606EB1DF817E50014E07E /* NSScanner+Extenions.swift */ = {isa = PBXFileReference; fileEncoding = 4; lastKnownFileType = sourcecode.swift; name = "NSScanner+Extenions.swift"; path = "../../Tests/SwiftScannerTests/NSScanner+Extenions.swift"; sourceTree = "<group>"; };
		08C606EC1DF817E50014E07E /* TestSwiftScanner.swift */ = {isa = PBXFileReference; fileEncoding = 4; lastKnownFileType = sourcecode.swift; name = TestSwiftScanner.swift; path = ../../Tests/SwiftScannerTests/TestSwiftScanner.swift; sourceTree = "<group>"; };
/* End PBXFileReference section */

/* Begin PBXFrameworksBuildPhase section */
		084635DE1DF6D60000BE9EF1 /* Frameworks */ = {
			isa = PBXFrameworksBuildPhase;
			buildActionMask = 2147483647;
			files = (
				084635E61DF6D60000BE9EF1 /* SwiftScanner.framework in Frameworks */,
			);
			runOnlyForDeploymentPostprocessing = 0;
		};
		08906C461DF1A90400FC4209 /* Frameworks */ = {
			isa = PBXFrameworksBuildPhase;
			buildActionMask = 2147483647;
			files = (
			);
			runOnlyForDeploymentPostprocessing = 0;
		};
		08906C5A1DF1BBDD00FC4209 /* Frameworks */ = {
			isa = PBXFrameworksBuildPhase;
			buildActionMask = 2147483647;
			files = (
				08906C711DF1BBEB00FC4209 /* SwiftScanner.framework in Frameworks */,
			);
			runOnlyForDeploymentPostprocessing = 0;
		};
/* End PBXFrameworksBuildPhase section */

/* Begin PBXGroup section */
		084635E21DF6D60000BE9EF1 /* Tests */ = {
			isa = PBXGroup;
			children = (
				084635E51DF6D60000BE9EF1 /* Info.plist */,
				08C606EB1DF817E50014E07E /* NSScanner+Extenions.swift */,
				08C606EC1DF817E50014E07E /* TestSwiftScanner.swift */,
				082292671DF816260077BAE8 /* SwiftScannerTests-Bridging-Header.h */,
			);
			name = Tests;
			path = SwiftScannerTests;
			sourceTree = "<group>";
		};
		08906C401DF1A90400FC4209 = {
			isa = PBXGroup;
			children = (
				08C606EF1DF818670014E07E /* Library */,
				08906C4C1DF1A90400FC4209 /* Framework */,
				08906C5E1DF1BBDE00FC4209 /* DemoApp */,
				084635E21DF6D60000BE9EF1 /* Tests */,
				08906C4B1DF1A90400FC4209 /* Products */,
			);
			sourceTree = "<group>";
		};
		08906C4B1DF1A90400FC4209 /* Products */ = {
			isa = PBXGroup;
			children = (
				08906C4A1DF1A90400FC4209 /* SwiftScanner.framework */,
				08906C5D1DF1BBDD00FC4209 /* DemoApp.app */,
				084635E11DF6D60000BE9EF1 /* SwiftScannerTests.xctest */,
			);
			name = Products;
			sourceTree = "<group>";
		};
		08906C4C1DF1A90400FC4209 /* Framework */ = {
			isa = PBXGroup;
			children = (
				08906C4D1DF1A90400FC4209 /* SwiftScanner.h */,
				08906C4E1DF1A90400FC4209 /* Info.plist */,
			);
			name = Framework;
			path = SwiftScanner;
			sourceTree = "<group>";
		};
		08906C5E1DF1BBDE00FC4209 /* DemoApp */ = {
			isa = PBXGroup;
			children = (
				08906C5F1DF1BBDE00FC4209 /* AppDelegate.swift */,
				08906C611DF1BBDE00FC4209 /* ViewController.swift */,
				08906C631DF1BBDE00FC4209 /* Main.storyboard */,
				08906C661DF1BBDE00FC4209 /* Assets.xcassets */,
				08906C681DF1BBDE00FC4209 /* LaunchScreen.storyboard */,
				08906C6B1DF1BBDE00FC4209 /* Info.plist */,
			);
			path = DemoApp;
			sourceTree = "<group>";
		};
		08C606EF1DF818670014E07E /* Library */ = {
			isa = PBXGroup;
			children = (
				08906C751DF1C56C00FC4209 /* StringScanner.swift */,
			);
			name = Library;
			sourceTree = "<group>";
		};
/* End PBXGroup section */

/* Begin PBXHeadersBuildPhase section */
		08906C471DF1A90400FC4209 /* Headers */ = {
			isa = PBXHeadersBuildPhase;
			buildActionMask = 2147483647;
			files = (
				08906C4F1DF1A90400FC4209 /* SwiftScanner.h in Headers */,
			);
			runOnlyForDeploymentPostprocessing = 0;
		};
/* End PBXHeadersBuildPhase section */

/* Begin PBXNativeTarget section */
		084635E01DF6D60000BE9EF1 /* SwiftScannerTests */ = {
			isa = PBXNativeTarget;
			buildConfigurationList = 084635EB1DF6D60000BE9EF1 /* Build configuration list for PBXNativeTarget "SwiftScannerTests" */;
			buildPhases = (
				084635DD1DF6D60000BE9EF1 /* Sources */,
				084635DE1DF6D60000BE9EF1 /* Frameworks */,
				084635DF1DF6D60000BE9EF1 /* Resources */,
				084635EC1DF6D7A200BE9EF1 /* Copy Frameworks */,
			);
			buildRules = (
			);
			dependencies = (
				084635E81DF6D60000BE9EF1 /* PBXTargetDependency */,
			);
			name = SwiftScannerTests;
			productName = SwiftScannerTests;
			productReference = 084635E11DF6D60000BE9EF1 /* SwiftScannerTests.xctest */;
			productType = "com.apple.product-type.bundle.unit-test";
		};
		08906C491DF1A90400FC4209 /* SwiftScanner */ = {
			isa = PBXNativeTarget;
			buildConfigurationList = 08906C521DF1A90400FC4209 /* Build configuration list for PBXNativeTarget "SwiftScanner" */;
			buildPhases = (
				08906C451DF1A90400FC4209 /* Sources */,
				08906C461DF1A90400FC4209 /* Frameworks */,
				08906C471DF1A90400FC4209 /* Headers */,
				08906C481DF1A90400FC4209 /* Resources */,
			);
			buildRules = (
			);
			dependencies = (
			);
			name = SwiftScanner;
			productName = SwiftScanner;
			productReference = 08906C4A1DF1A90400FC4209 /* SwiftScanner.framework */;
			productType = "com.apple.product-type.framework";
		};
		08906C5C1DF1BBDD00FC4209 /* DemoApp */ = {
			isa = PBXNativeTarget;
			buildConfigurationList = 08906C6C1DF1BBDE00FC4209 /* Build configuration list for PBXNativeTarget "DemoApp" */;
			buildPhases = (
				08906C591DF1BBDD00FC4209 /* Sources */,
				08906C5A1DF1BBDD00FC4209 /* Frameworks */,
				08906C5B1DF1BBDD00FC4209 /* Resources */,
				08906C721DF1BBEE00FC4209 /* Copy Frameworks */,
			);
			buildRules = (
			);
			dependencies = (
				08906C701DF1BBE800FC4209 /* PBXTargetDependency */,
			);
			name = DemoApp;
			productName = DemoApp;
			productReference = 08906C5D1DF1BBDD00FC4209 /* DemoApp.app */;
			productType = "com.apple.product-type.application";
		};
/* End PBXNativeTarget section */

/* Begin PBXProject section */
		08906C411DF1A90400FC4209 /* Project object */ = {
			isa = PBXProject;
			attributes = {
				LastSwiftUpdateCheck = 0810;
				LastUpgradeCheck = 1000;
				ORGANIZATIONNAME = "Daniele Margutti";
				TargetAttributes = {
					084635E01DF6D60000BE9EF1 = {
						CreatedOnToolsVersion = 8.1;
						DevelopmentTeam = E5DU3FA699;
						LastSwiftMigration = 0810;
						ProvisioningStyle = Automatic;
					};
					08906C491DF1A90400FC4209 = {
						CreatedOnToolsVersion = 8.1;
						DevelopmentTeam = E5DU3FA699;
						LastSwiftMigration = 0900;
						ProvisioningStyle = Automatic;
					};
					08906C5C1DF1BBDD00FC4209 = {
						CreatedOnToolsVersion = 8.1;
						DevelopmentTeam = E5DU3FA699;
						ProvisioningStyle = Automatic;
					};
				};
			};
			buildConfigurationList = 08906C441DF1A90400FC4209 /* Build configuration list for PBXProject "SwiftScanner" */;
			compatibilityVersion = "Xcode 3.2";
			developmentRegion = English;
			hasScannedForEncodings = 0;
			knownRegions = (
				en,
				Base,
			);
			mainGroup = 08906C401DF1A90400FC4209;
			productRefGroup = 08906C4B1DF1A90400FC4209 /* Products */;
			projectDirPath = "";
			projectRoot = "";
			targets = (
				08906C491DF1A90400FC4209 /* SwiftScanner */,
				08906C5C1DF1BBDD00FC4209 /* DemoApp */,
				084635E01DF6D60000BE9EF1 /* SwiftScannerTests */,
			);
		};
/* End PBXProject section */

/* Begin PBXResourcesBuildPhase section */
		084635DF1DF6D60000BE9EF1 /* Resources */ = {
			isa = PBXResourcesBuildPhase;
			buildActionMask = 2147483647;
			files = (
			);
			runOnlyForDeploymentPostprocessing = 0;
		};
		08906C481DF1A90400FC4209 /* Resources */ = {
			isa = PBXResourcesBuildPhase;
			buildActionMask = 2147483647;
			files = (
			);
			runOnlyForDeploymentPostprocessing = 0;
		};
		08906C5B1DF1BBDD00FC4209 /* Resources */ = {
			isa = PBXResourcesBuildPhase;
			buildActionMask = 2147483647;
			files = (
				08906C6A1DF1BBDE00FC4209 /* LaunchScreen.storyboard in Resources */,
				08906C671DF1BBDE00FC4209 /* Assets.xcassets in Resources */,
				08906C651DF1BBDE00FC4209 /* Main.storyboard in Resources */,
			);
			runOnlyForDeploymentPostprocessing = 0;
		};
/* End PBXResourcesBuildPhase section */

/* Begin PBXSourcesBuildPhase section */
		084635DD1DF6D60000BE9EF1 /* Sources */ = {
			isa = PBXSourcesBuildPhase;
			buildActionMask = 2147483647;
			files = (
				08C606EE1DF817E50014E07E /* TestSwiftScanner.swift in Sources */,
				08C606ED1DF817E50014E07E /* NSScanner+Extenions.swift in Sources */,
			);
			runOnlyForDeploymentPostprocessing = 0;
		};
		08906C451DF1A90400FC4209 /* Sources */ = {
			isa = PBXSourcesBuildPhase;
			buildActionMask = 2147483647;
			files = (
				08906C771DF1C56C00FC4209 /* StringScanner.swift in Sources */,
			);
			runOnlyForDeploymentPostprocessing = 0;
		};
		08906C591DF1BBDD00FC4209 /* Sources */ = {
			isa = PBXSourcesBuildPhase;
			buildActionMask = 2147483647;
			files = (
				08906C621DF1BBDE00FC4209 /* ViewController.swift in Sources */,
				08906C601DF1BBDE00FC4209 /* AppDelegate.swift in Sources */,
			);
			runOnlyForDeploymentPostprocessing = 0;
		};
/* End PBXSourcesBuildPhase section */

/* Begin PBXTargetDependency section */
		084635E81DF6D60000BE9EF1 /* PBXTargetDependency */ = {
			isa = PBXTargetDependency;
			target = 08906C491DF1A90400FC4209 /* SwiftScanner */;
			targetProxy = 084635E71DF6D60000BE9EF1 /* PBXContainerItemProxy */;
		};
		08906C701DF1BBE800FC4209 /* PBXTargetDependency */ = {
			isa = PBXTargetDependency;
			target = 08906C491DF1A90400FC4209 /* SwiftScanner */;
			targetProxy = 08906C6F1DF1BBE800FC4209 /* PBXContainerItemProxy */;
		};
/* End PBXTargetDependency section */

/* Begin PBXVariantGroup section */
		08906C631DF1BBDE00FC4209 /* Main.storyboard */ = {
			isa = PBXVariantGroup;
			children = (
				08906C641DF1BBDE00FC4209 /* Base */,
			);
			name = Main.storyboard;
			sourceTree = "<group>";
		};
		08906C681DF1BBDE00FC4209 /* LaunchScreen.storyboard */ = {
			isa = PBXVariantGroup;
			children = (
				08906C691DF1BBDE00FC4209 /* Base */,
			);
			name = LaunchScreen.storyboard;
			sourceTree = "<group>";
		};
/* End PBXVariantGroup section */

/* Begin XCBuildConfiguration section */
		084635E91DF6D60000BE9EF1 /* Debug */ = {
			isa = XCBuildConfiguration;
			buildSettings = {
				CLANG_ENABLE_MODULES = YES;
				DEVELOPMENT_TEAM = E5DU3FA699;
				INFOPLIST_FILE = SwiftScannerTests/Info.plist;
				LD_RUNPATH_SEARCH_PATHS = "$(inherited) @executable_path/Frameworks @loader_path/Frameworks";
				PRODUCT_BUNDLE_IDENTIFIER = com.danielemargutti.SwiftScannerTests;
				PRODUCT_NAME = "$(TARGET_NAME)";
				SWIFT_OBJC_BRIDGING_HEADER = "SwiftScannerTests/SwiftScannerTests-Bridging-Header.h";
				SWIFT_OPTIMIZATION_LEVEL = "-Onone";
				SWIFT_VERSION = 4.2;
			};
			name = Debug;
		};
		084635EA1DF6D60000BE9EF1 /* Release */ = {
			isa = XCBuildConfiguration;
			buildSettings = {
				CLANG_ENABLE_MODULES = YES;
				DEVELOPMENT_TEAM = E5DU3FA699;
				INFOPLIST_FILE = SwiftScannerTests/Info.plist;
				LD_RUNPATH_SEARCH_PATHS = "$(inherited) @executable_path/Frameworks @loader_path/Frameworks";
				PRODUCT_BUNDLE_IDENTIFIER = com.danielemargutti.SwiftScannerTests;
				PRODUCT_NAME = "$(TARGET_NAME)";
				SWIFT_OBJC_BRIDGING_HEADER = "SwiftScannerTests/SwiftScannerTests-Bridging-Header.h";
				SWIFT_VERSION = 4.2;
			};
			name = Release;
		};
		08906C501DF1A90400FC4209 /* Debug */ = {
			isa = XCBuildConfiguration;
			buildSettings = {
				ALWAYS_SEARCH_USER_PATHS = NO;
				CLANG_ANALYZER_NONNULL = YES;
				CLANG_CXX_LANGUAGE_STANDARD = "gnu++0x";
				CLANG_CXX_LIBRARY = "libc++";
				CLANG_ENABLE_MODULES = YES;
				CLANG_ENABLE_OBJC_ARC = YES;
				CLANG_WARN_BLOCK_CAPTURE_AUTORELEASING = YES;
				CLANG_WARN_BOOL_CONVERSION = YES;
				CLANG_WARN_COMMA = YES;
				CLANG_WARN_CONSTANT_CONVERSION = YES;
				CLANG_WARN_DEPRECATED_OBJC_IMPLEMENTATIONS = YES;
				CLANG_WARN_DIRECT_OBJC_ISA_USAGE = YES_ERROR;
				CLANG_WARN_DOCUMENTATION_COMMENTS = YES;
				CLANG_WARN_EMPTY_BODY = YES;
				CLANG_WARN_ENUM_CONVERSION = YES;
				CLANG_WARN_INFINITE_RECURSION = YES;
				CLANG_WARN_INT_CONVERSION = YES;
				CLANG_WARN_NON_LITERAL_NULL_CONVERSION = YES;
				CLANG_WARN_OBJC_IMPLICIT_RETAIN_SELF = YES;
				CLANG_WARN_OBJC_LITERAL_CONVERSION = YES;
				CLANG_WARN_OBJC_ROOT_CLASS = YES_ERROR;
				CLANG_WARN_RANGE_LOOP_ANALYSIS = YES;
				CLANG_WARN_STRICT_PROTOTYPES = YES;
				CLANG_WARN_SUSPICIOUS_MOVE = YES;
				CLANG_WARN_SUSPICIOUS_MOVES = YES;
				CLANG_WARN_UNREACHABLE_CODE = YES;
				CLANG_WARN__DUPLICATE_METHOD_MATCH = YES;
				"CODE_SIGN_IDENTITY[sdk=iphoneos*]" = "iPhone Developer";
				COPY_PHASE_STRIP = NO;
				CURRENT_PROJECT_VERSION = 1;
				DEBUG_INFORMATION_FORMAT = dwarf;
				ENABLE_STRICT_OBJC_MSGSEND = YES;
				ENABLE_TESTABILITY = YES;
				GCC_C_LANGUAGE_STANDARD = gnu99;
				GCC_DYNAMIC_NO_PIC = NO;
				GCC_NO_COMMON_BLOCKS = YES;
				GCC_OPTIMIZATION_LEVEL = 0;
				GCC_PREPROCESSOR_DEFINITIONS = (
					"DEBUG=1",
					"$(inherited)",
				);
				GCC_WARN_64_TO_32_BIT_CONVERSION = YES;
				GCC_WARN_ABOUT_RETURN_TYPE = YES_ERROR;
				GCC_WARN_UNDECLARED_SELECTOR = YES;
				GCC_WARN_UNINITIALIZED_AUTOS = YES_AGGRESSIVE;
				GCC_WARN_UNUSED_FUNCTION = YES;
				GCC_WARN_UNUSED_VARIABLE = YES;
				IPHONEOS_DEPLOYMENT_TARGET = 10.1;
				MTL_ENABLE_DEBUG_INFO = YES;
				ONLY_ACTIVE_ARCH = YES;
				SDKROOT = iphoneos;
				SWIFT_ACTIVE_COMPILATION_CONDITIONS = DEBUG;
				SWIFT_OPTIMIZATION_LEVEL = "-Onone";
				SWIFT_SWIFT3_OBJC_INFERENCE = Off;
				TARGETED_DEVICE_FAMILY = "1,2";
				VERSIONING_SYSTEM = "apple-generic";
				VERSION_INFO_PREFIX = "";
			};
			name = Debug;
		};
		08906C511DF1A90400FC4209 /* Release */ = {
			isa = XCBuildConfiguration;
			buildSettings = {
				ALWAYS_SEARCH_USER_PATHS = NO;
				CLANG_ANALYZER_NONNULL = YES;
				CLANG_CXX_LANGUAGE_STANDARD = "gnu++0x";
				CLANG_CXX_LIBRARY = "libc++";
				CLANG_ENABLE_MODULES = YES;
				CLANG_ENABLE_OBJC_ARC = YES;
				CLANG_WARN_BLOCK_CAPTURE_AUTORELEASING = YES;
				CLANG_WARN_BOOL_CONVERSION = YES;
				CLANG_WARN_COMMA = YES;
				CLANG_WARN_CONSTANT_CONVERSION = YES;
				CLANG_WARN_DEPRECATED_OBJC_IMPLEMENTATIONS = YES;
				CLANG_WARN_DIRECT_OBJC_ISA_USAGE = YES_ERROR;
				CLANG_WARN_DOCUMENTATION_COMMENTS = YES;
				CLANG_WARN_EMPTY_BODY = YES;
				CLANG_WARN_ENUM_CONVERSION = YES;
				CLANG_WARN_INFINITE_RECURSION = YES;
				CLANG_WARN_INT_CONVERSION = YES;
				CLANG_WARN_NON_LITERAL_NULL_CONVERSION = YES;
				CLANG_WARN_OBJC_IMPLICIT_RETAIN_SELF = YES;
				CLANG_WARN_OBJC_LITERAL_CONVERSION = YES;
				CLANG_WARN_OBJC_ROOT_CLASS = YES_ERROR;
				CLANG_WARN_RANGE_LOOP_ANALYSIS = YES;
				CLANG_WARN_STRICT_PROTOTYPES = YES;
				CLANG_WARN_SUSPICIOUS_MOVE = YES;
				CLANG_WARN_SUSPICIOUS_MOVES = YES;
				CLANG_WARN_UNREACHABLE_CODE = YES;
				CLANG_WARN__DUPLICATE_METHOD_MATCH = YES;
				"CODE_SIGN_IDENTITY[sdk=iphoneos*]" = "iPhone Developer";
				COPY_PHASE_STRIP = NO;
				CURRENT_PROJECT_VERSION = 1;
				DEBUG_INFORMATION_FORMAT = "dwarf-with-dsym";
				ENABLE_NS_ASSERTIONS = NO;
				ENABLE_STRICT_OBJC_MSGSEND = YES;
				GCC_C_LANGUAGE_STANDARD = gnu99;
				GCC_NO_COMMON_BLOCKS = YES;
				GCC_WARN_64_TO_32_BIT_CONVERSION = YES;
				GCC_WARN_ABOUT_RETURN_TYPE = YES_ERROR;
				GCC_WARN_UNDECLARED_SELECTOR = YES;
				GCC_WARN_UNINITIALIZED_AUTOS = YES_AGGRESSIVE;
				GCC_WARN_UNUSED_FUNCTION = YES;
				GCC_WARN_UNUSED_VARIABLE = YES;
				IPHONEOS_DEPLOYMENT_TARGET = 10.1;
				MTL_ENABLE_DEBUG_INFO = NO;
				SDKROOT = iphoneos;
				SWIFT_OPTIMIZATION_LEVEL = "-Owholemodule";
				SWIFT_SWIFT3_OBJC_INFERENCE = Off;
				TARGETED_DEVICE_FAMILY = "1,2";
				VALIDATE_PRODUCT = YES;
				VERSIONING_SYSTEM = "apple-generic";
				VERSION_INFO_PREFIX = "";
			};
			name = Release;
		};
		08906C531DF1A90400FC4209 /* Debug */ = {
			isa = XCBuildConfiguration;
			buildSettings = {
				CLANG_ENABLE_MODULES = YES;
				CODE_SIGN_IDENTITY = "";
				DEFINES_MODULE = YES;
				DEVELOPMENT_TEAM = E5DU3FA699;
				DYLIB_COMPATIBILITY_VERSION = 1;
				DYLIB_CURRENT_VERSION = 1;
				DYLIB_INSTALL_NAME_BASE = "@rpath";
				INFOPLIST_FILE = SwiftScanner/Info.plist;
				INSTALL_PATH = "$(LOCAL_LIBRARY_DIR)/Frameworks";
				LD_RUNPATH_SEARCH_PATHS = "$(inherited) @executable_path/Frameworks @loader_path/Frameworks";
				PRODUCT_BUNDLE_IDENTIFIER = com.danielemargutti.SwiftScanner;
				PRODUCT_NAME = "$(TARGET_NAME)";
				SKIP_INSTALL = YES;
				SWIFT_OPTIMIZATION_LEVEL = "-Onone";
				SWIFT_SWIFT3_OBJC_INFERENCE = Off;
				SWIFT_VERSION = 4.2;
			};
			name = Debug;
		};
		08906C541DF1A90400FC4209 /* Release */ = {
			isa = XCBuildConfiguration;
			buildSettings = {
				CLANG_ENABLE_MODULES = YES;
				CODE_SIGN_IDENTITY = "";
				DEFINES_MODULE = YES;
				DEVELOPMENT_TEAM = E5DU3FA699;
				DYLIB_COMPATIBILITY_VERSION = 1;
				DYLIB_CURRENT_VERSION = 1;
				DYLIB_INSTALL_NAME_BASE = "@rpath";
				INFOPLIST_FILE = SwiftScanner/Info.plist;
				INSTALL_PATH = "$(LOCAL_LIBRARY_DIR)/Frameworks";
				LD_RUNPATH_SEARCH_PATHS = "$(inherited) @executable_path/Frameworks @loader_path/Frameworks";
				PRODUCT_BUNDLE_IDENTIFIER = com.danielemargutti.SwiftScanner;
				PRODUCT_NAME = "$(TARGET_NAME)";
				SKIP_INSTALL = YES;
				SWIFT_SWIFT3_OBJC_INFERENCE = Off;
				SWIFT_VERSION = 4.2;
			};
			name = Release;
		};
		08906C6D1DF1BBDE00FC4209 /* Debug */ = {
			isa = XCBuildConfiguration;
			buildSettings = {
				ALWAYS_EMBED_SWIFT_STANDARD_LIBRARIES = YES;
				ASSETCATALOG_COMPILER_APPICON_NAME = AppIcon;
				DEVELOPMENT_TEAM = E5DU3FA699;
				INFOPLIST_FILE = DemoApp/Info.plist;
				LD_RUNPATH_SEARCH_PATHS = "$(inherited) @executable_path/Frameworks";
				PRODUCT_BUNDLE_IDENTIFIER = com.danielemargutti.DemoApp;
				PRODUCT_NAME = "$(TARGET_NAME)";
				SWIFT_VERSION = 4.2;
			};
			name = Debug;
		};
		08906C6E1DF1BBDE00FC4209 /* Release */ = {
			isa = XCBuildConfiguration;
			buildSettings = {
				ALWAYS_EMBED_SWIFT_STANDARD_LIBRARIES = YES;
				ASSETCATALOG_COMPILER_APPICON_NAME = AppIcon;
				DEVELOPMENT_TEAM = E5DU3FA699;
				INFOPLIST_FILE = DemoApp/Info.plist;
				LD_RUNPATH_SEARCH_PATHS = "$(inherited) @executable_path/Frameworks";
				PRODUCT_BUNDLE_IDENTIFIER = com.danielemargutti.DemoApp;
				PRODUCT_NAME = "$(TARGET_NAME)";
				SWIFT_VERSION = 4.2;
			};
			name = Release;
		};
/* End XCBuildConfiguration section */

/* Begin XCConfigurationList section */
		084635EB1DF6D60000BE9EF1 /* Build configuration list for PBXNativeTarget "SwiftScannerTests" */ = {
			isa = XCConfigurationList;
			buildConfigurations = (
				084635E91DF6D60000BE9EF1 /* Debug */,
				084635EA1DF6D60000BE9EF1 /* Release */,
			);
			defaultConfigurationIsVisible = 0;
			defaultConfigurationName = Release;
		};
		08906C441DF1A90400FC4209 /* Build configuration list for PBXProject "SwiftScanner" */ = {
			isa = XCConfigurationList;
			buildConfigurations = (
				08906C501DF1A90400FC4209 /* Debug */,
				08906C511DF1A90400FC4209 /* Release */,
			);
			defaultConfigurationIsVisible = 0;
			defaultConfigurationName = Release;
		};
		08906C521DF1A90400FC4209 /* Build configuration list for PBXNativeTarget "SwiftScanner" */ = {
			isa = XCConfigurationList;
			buildConfigurations = (
				08906C531DF1A90400FC4209 /* Debug */,
				08906C541DF1A90400FC4209 /* Release */,
			);
			defaultConfigurationIsVisible = 0;
			defaultConfigurationName = Release;
		};
		08906C6C1DF1BBDE00FC4209 /* Build configuration list for PBXNativeTarget "DemoApp" */ = {
			isa = XCConfigurationList;
			buildConfigurations = (
				08906C6D1DF1BBDE00FC4209 /* Debug */,
				08906C6E1DF1BBDE00FC4209 /* Release */,
			);
			defaultConfigurationIsVisible = 0;
			defaultConfigurationName = Release;
		};
/* End XCConfigurationList section */
	};
	rootObject = 08906C411DF1A90400FC4209 /* Project object */;
}
